// !$*UTF8*$!
{
	archiveVersion = 1;
	classes = {
	};
	objectVersion = 77;
	objects = {

/* Begin PBXBuildFile section */
		81A3B8B52DDBF7F400B8588C /* RealityKitContent in Frameworks */ = {isa = PBXBuildFile; productRef = 81A3B8B42DDBF7F400B8588C /* RealityKitContent */; };
		81A3B8CF2DDBF82D00B8588C /* DicyaninARKitSession in Frameworks */ = {isa = PBXBuildFile; productRef = 81A3B8CE2DDBF82D00B8588C /* DicyaninARKitSession */; };
		81A3B8D22DDBF83600B8588C /* DicyaninThumbController in Frameworks */ = {isa = PBXBuildFile; productRef = 81A3B8D12DDBF83600B8588C /* DicyaninThumbController */; };
/* End PBXBuildFile section */

/* Begin PBXFileReference section */
		81A3B8AF2DDBF7F400B8588C /* DicyaninPlayground003.app */ = {isa = PBXFileReference; explicitFileType = wrapper.application; includeInIndex = 0; path = DicyaninPlayground003.app; sourceTree = BUILT_PRODUCTS_DIR; };
		81A3B8B32DDBF7F400B8588C /* RealityKitContent */ = {isa = PBXFileReference; lastKnownFileType = wrapper; path = RealityKitContent; sourceTree = "<group>"; };
/* End PBXFileReference section */

/* Begin PBXFileSystemSynchronizedBuildFileExceptionSet section */
		81A3B8C72DDBF7F500B8588C /* Exceptions for "DicyaninPlayground003" folder in "DicyaninPlayground003" target */ = {
			isa = PBXFileSystemSynchronizedBuildFileExceptionSet;
			membershipExceptions = (
				Info.plist,
			);
			target = 81A3B8AE2DDBF7F400B8588C /* DicyaninPlayground003 */;
		};
/* End PBXFileSystemSynchronizedBuildFileExceptionSet section */

/* Begin PBXFileSystemSynchronizedRootGroup section */
		81A3B8B12DDBF7F400B8588C /* DicyaninPlayground003 */ = {
			isa = PBXFileSystemSynchronizedRootGroup;
			exceptions = (
				81A3B8C72DDBF7F500B8588C /* Exceptions for "DicyaninPlayground003" folder in "DicyaninPlayground003" target */,
			);
			path = DicyaninPlayground003;
			sourceTree = "<group>";
		};
/* End PBXFileSystemSynchronizedRootGroup section */

/* Begin PBXFrameworksBuildPhase section */
		81A3B8AC2DDBF7F400B8588C /* Frameworks */ = {
			isa = PBXFrameworksBuildPhase;
			buildActionMask = 2147483647;
			files = (
				81A3B8CF2DDBF82D00B8588C /* DicyaninARKitSession in Frameworks */,
				81A3B8D22DDBF83600B8588C /* DicyaninThumbController in Frameworks */,
				81A3B8B52DDBF7F400B8588C /* RealityKitContent in Frameworks */,
			);
			runOnlyForDeploymentPostprocessing = 0;
		};
/* End PBXFrameworksBuildPhase section */

/* Begin PBXGroup section */
		81A3B8A62DDBF7F400B8588C = {
			isa = PBXGroup;
			children = (
				81A3B8B12DDBF7F400B8588C /* DicyaninPlayground003 */,
				81A3B8B22DDBF7F400B8588C /* Packages */,
				81A3B8B02DDBF7F400B8588C /* Products */,
			);
			sourceTree = "<group>";
		};
		81A3B8B02DDBF7F400B8588C /* Products */ = {
			isa = PBXGroup;
			children = (
				81A3B8AF2DDBF7F400B8588C /* DicyaninPlayground003.app */,
			);
			name = Products;
			sourceTree = "<group>";
		};
		81A3B8B22DDBF7F400B8588C /* Packages */ = {
			isa = PBXGroup;
			children = (
				81A3B8B32DDBF7F400B8588C /* RealityKitContent */,
			);
			path = Packages;
			sourceTree = "<group>";
		};
/* End PBXGroup section */

/* Begin PBXNativeTarget section */
		81A3B8AE2DDBF7F400B8588C /* DicyaninPlayground003 */ = {
			isa = PBXNativeTarget;
			buildConfigurationList = 81A3B8C82DDBF7F500B8588C /* Build configuration list for PBXNativeTarget "DicyaninPlayground003" */;
			buildPhases = (
				81A3B8AB2DDBF7F400B8588C /* Sources */,
				81A3B8AC2DDBF7F400B8588C /* Frameworks */,
				81A3B8AD2DDBF7F400B8588C /* Resources */,
			);
			buildRules = (
			);
			dependencies = (
			);
			fileSystemSynchronizedGroups = (
				81A3B8B12DDBF7F400B8588C /* DicyaninPlayground003 */,
			);
			name = DicyaninPlayground003;
			packageProductDependencies = (
				81A3B8B42DDBF7F400B8588C /* RealityKitContent */,
				81A3B8CE2DDBF82D00B8588C /* DicyaninARKitSession */,
				81A3B8D12DDBF83600B8588C /* DicyaninThumbController */,
			);
			productName = DicyaninPlayground003;
			productReference = 81A3B8AF2DDBF7F400B8588C /* DicyaninPlayground003.app */;
			productType = "com.apple.product-type.application";
		};
/* End PBXNativeTarget section */

/* Begin PBXProject section */
		81A3B8A72DDBF7F400B8588C /* Project object */ = {
			isa = PBXProject;
			attributes = {
				BuildIndependentTargetsInParallel = 1;
				LastSwiftUpdateCheck = 1630;
				LastUpgradeCheck = 1630;
				TargetAttributes = {
					81A3B8AE2DDBF7F400B8588C = {
						CreatedOnToolsVersion = 16.3;
					};
				};
			};
			buildConfigurationList = 81A3B8AA2DDBF7F400B8588C /* Build configuration list for PBXProject "DicyaninPlayground003" */;
			developmentRegion = en;
			hasScannedForEncodings = 0;
			knownRegions = (
				en,
				Base,
			);
			mainGroup = 81A3B8A62DDBF7F400B8588C;
			minimizedProjectReferenceProxies = 1;
			packageReferences = (
				81A3B8CD2DDBF82D00B8588C /* XCRemoteSwiftPackageReference "DicyaninARKitSession" */,
				81A3B8D02DDBF83600B8588C /* XCRemoteSwiftPackageReference "DicyaninThumbController" */,
			);
			preferredProjectObjectVersion = 77;
			productRefGroup = 81A3B8B02DDBF7F400B8588C /* Products */;
			projectDirPath = "";
			projectRoot = "";
			targets = (
				81A3B8AE2DDBF7F400B8588C /* DicyaninPlayground003 */,
			);
		};
/* End PBXProject section */

/* Begin PBXResourcesBuildPhase section */
		81A3B8AD2DDBF7F400B8588C /* Resources */ = {
			isa = PBXResourcesBuildPhase;
			buildActionMask = 2147483647;
			files = (
			);
			runOnlyForDeploymentPostprocessing = 0;
		};
/* End PBXResourcesBuildPhase section */

/* Begin PBXSourcesBuildPhase section */
		81A3B8AB2DDBF7F400B8588C /* Sources */ = {
			isa = PBXSourcesBuildPhase;
			buildActionMask = 2147483647;
			files = (
			);
			runOnlyForDeploymentPostprocessing = 0;
		};
/* End PBXSourcesBuildPhase section */

/* Begin XCBuildConfiguration section */
		81A3B8C92DDBF7F500B8588C /* Debug */ = {
			isa = XCBuildConfiguration;
			buildSettings = {
				ASSETCATALOG_COMPILER_APPICON_NAME = AppIcon;
				ASSETCATALOG_COMPILER_GLOBAL_ACCENT_COLOR_NAME = AccentColor;
				CODE_SIGN_STYLE = Automatic;
				CURRENT_PROJECT_VERSION = 1;
				DEVELOPMENT_TEAM = NWR2UZ4V67;
				ENABLE_PREVIEWS = YES;
				GENERATE_INFOPLIST_FILE = YES;
				INFOPLIST_FILE = "$(TARGET_NAME)/Info.plist";
				INFOPLIST_KEY_CFBundleDisplayName = App2;
				LD_RUNPATH_SEARCH_PATHS = (
					"$(inherited)",
					"@executable_path/Frameworks",
				);
				MARKETING_VERSION = 1.0;
				PRODUCT_BUNDLE_IDENTIFIER = org.dicyaninlabs.DicyaninPlayground009;
				PRODUCT_NAME = "$(TARGET_NAME)";
				SUPPORTED_PLATFORMS = "xros xrsimulator";
				SWIFT_EMIT_LOC_STRINGS = YES;
				SWIFT_VERSION = 5.0;
				TARGETED_DEVICE_FAMILY = 7;
				XROS_DEPLOYMENT_TARGET = 2.0;
			};
			name = Debug;
		};
		81A3B8CA2DDBF7F500B8588C /* Release */ = {
			isa = XCBuildConfiguration;
			buildSettings = {
				ASSETCATALOG_COMPILER_APPICON_NAME = AppIcon;
				ASSETCATALOG_COMPILER_GLOBAL_ACCENT_COLOR_NAME = AccentColor;
				CODE_SIGN_STYLE = Automatic;
				CURRENT_PROJECT_VERSION = 1;
				DEVELOPMENT_TEAM = NWR2UZ4V67;
				ENABLE_PREVIEWS = YES;
				GENERATE_INFOPLIST_FILE = YES;
				INFOPLIST_FILE = "$(TARGET_NAME)/Info.plist";
				INFOPLIST_KEY_CFBundleDisplayName = App2;
				LD_RUNPATH_SEARCH_PATHS = (
					"$(inherited)",
					"@executable_path/Frameworks",
				);
				MARKETING_VERSION = 1.0;
				PRODUCT_BUNDLE_IDENTIFIER = org.dicyaninlabs.DicyaninPlayground009;
				PRODUCT_NAME = "$(TARGET_NAME)";
				SUPPORTED_PLATFORMS = "xros xrsimulator";
				SWIFT_EMIT_LOC_STRINGS = YES;
				SWIFT_VERSION = 5.0;
				TARGETED_DEVICE_FAMILY = 7;
				XROS_DEPLOYMENT_TARGET = 2.0;
			};
			name = Release;
		};
		81A3B8CB2DDBF7F500B8588C /* Debug */ = {
			isa = XCBuildConfiguration;
			buildSettings = {
				ALWAYS_SEARCH_USER_PATHS = NO;
				ASSETCATALOG_COMPILER_GENERATE_SWIFT_ASSET_SYMBOL_EXTENSIONS = YES;
				CLANG_ANALYZER_NONNULL = YES;
				CLANG_ANALYZER_NUMBER_OBJECT_CONVERSION = YES_AGGRESSIVE;
				CLANG_CXX_LANGUAGE_STANDARD = "gnu++20";
				CLANG_ENABLE_MODULES = YES;
				CLANG_ENABLE_OBJC_ARC = YES;
				CLANG_ENABLE_OBJC_WEAK = YES;
				CLANG_WARN_BLOCK_CAPTURE_AUTORELEASING = YES;
				CLANG_WARN_BOOL_CONVERSION = YES;
				CLANG_WARN_COMMA = YES;
				CLANG_WARN_CONSTANT_CONVERSION = YES;
				CLANG_WARN_DEPRECATED_OBJC_IMPLEMENTATIONS = YES;
				CLANG_WARN_DIRECT_OBJC_ISA_USAGE = YES_ERROR;
				CLANG_WARN_DOCUMENTATION_COMMENTS = YES;
				CLANG_WARN_EMPTY_BODY = YES;
				CLANG_WARN_ENUM_CONVERSION = YES;
				CLANG_WARN_INFINITE_RECURSION = YES;
				CLANG_WARN_INT_CONVERSION = YES;
				CLANG_WARN_NON_LITERAL_NULL_CONVERSION = YES;
				CLANG_WARN_OBJC_IMPLICIT_RETAIN_SELF = YES;
				CLANG_WARN_OBJC_LITERAL_CONVERSION = YES;
				CLANG_WARN_OBJC_ROOT_CLASS = YES_ERROR;
				CLANG_WARN_QUOTED_INCLUDE_IN_FRAMEWORK_HEADER = YES;
				CLANG_WARN_RANGE_LOOP_ANALYSIS = YES;
				CLANG_WARN_STRICT_PROTOTYPES = YES;
				CLANG_WARN_SUSPICIOUS_MOVE = YES;
				CLANG_WARN_UNGUARDED_AVAILABILITY = YES_AGGRESSIVE;
				CLANG_WARN_UNREACHABLE_CODE = YES;
				CLANG_WARN__DUPLICATE_METHOD_MATCH = YES;
				COPY_PHASE_STRIP = NO;
				DEBUG_INFORMATION_FORMAT = dwarf;
				DEVELOPMENT_TEAM = NWR2UZ4V67;
				ENABLE_STRICT_OBJC_MSGSEND = YES;
				ENABLE_TESTABILITY = YES;
				ENABLE_USER_SCRIPT_SANDBOXING = YES;
				GCC_C_LANGUAGE_STANDARD = gnu17;
				GCC_DYNAMIC_NO_PIC = NO;
				GCC_NO_COMMON_BLOCKS = YES;
				GCC_OPTIMIZATION_LEVEL = 0;
				GCC_PREPROCESSOR_DEFINITIONS = (
					"DEBUG=1",
					"$(inherited)",
				);
				GCC_WARN_64_TO_32_BIT_CONVERSION = YES;
				GCC_WARN_ABOUT_RETURN_TYPE = YES_ERROR;
				GCC_WARN_UNDECLARED_SELECTOR = YES;
				GCC_WARN_UNINITIALIZED_AUTOS = YES_AGGRESSIVE;
				GCC_WARN_UNUSED_FUNCTION = YES;
				GCC_WARN_UNUSED_VARIABLE = YES;
				LOCALIZATION_PREFERS_STRING_CATALOGS = YES;
				MTL_ENABLE_DEBUG_INFO = INCLUDE_SOURCE;
				MTL_FAST_MATH = YES;
				ONLY_ACTIVE_ARCH = YES;
				SDKROOT = xros;
				SWIFT_ACTIVE_COMPILATION_CONDITIONS = "DEBUG $(inherited)";
				SWIFT_OPTIMIZATION_LEVEL = "-Onone";
				XROS_DEPLOYMENT_TARGET = 2.4;
			};
			name = Debug;
		};
		81A3B8CC2DDBF7F500B8588C /* Release */ = {
			isa = XCBuildConfiguration;
			buildSettings = {
				ALWAYS_SEARCH_USER_PATHS = NO;
				ASSETCATALOG_COMPILER_GENERATE_SWIFT_ASSET_SYMBOL_EXTENSIONS = YES;
				CLANG_ANALYZER_NONNULL = YES;
				CLANG_ANALYZER_NUMBER_OBJECT_CONVERSION = YES_AGGRESSIVE;
				CLANG_CXX_LANGUAGE_STANDARD = "gnu++20";
				CLANG_ENABLE_MODULES = YES;
				CLANG_ENABLE_OBJC_ARC = YES;
				CLANG_ENABLE_OBJC_WEAK = YES;
				CLANG_WARN_BLOCK_CAPTURE_AUTORELEASING = YES;
				CLANG_WARN_BOOL_CONVERSION = YES;
				CLANG_WARN_COMMA = YES;
				CLANG_WARN_CONSTANT_CONVERSION = YES;
				CLANG_WARN_DEPRECATED_OBJC_IMPLEMENTATIONS = YES;
				CLANG_WARN_DIRECT_OBJC_ISA_USAGE = YES_ERROR;
				CLANG_WARN_DOCUMENTATION_COMMENTS = YES;
				CLANG_WARN_EMPTY_BODY = YES;
				CLANG_WARN_ENUM_CONVERSION = YES;
				CLANG_WARN_INFINITE_RECURSION = YES;
				CLANG_WARN_INT_CONVERSION = YES;
				CLANG_WARN_NON_LITERAL_NULL_CONVERSION = YES;
				CLANG_WARN_OBJC_IMPLICIT_RETAIN_SELF = YES;
				CLANG_WARN_OBJC_LITERAL_CONVERSION = YES;
				CLANG_WARN_OBJC_ROOT_CLASS = YES_ERROR;
				CLANG_WARN_QUOTED_INCLUDE_IN_FRAMEWORK_HEADER = YES;
				CLANG_WARN_RANGE_LOOP_ANALYSIS = YES;
				CLANG_WARN_STRICT_PROTOTYPES = YES;
				CLANG_WARN_SUSPICIOUS_MOVE = YES;
				CLANG_WARN_UNGUARDED_AVAILABILITY = YES_AGGRESSIVE;
				CLANG_WARN_UNREACHABLE_CODE = YES;
				CLANG_WARN__DUPLICATE_METHOD_MATCH = YES;
				COPY_PHASE_STRIP = NO;
				DEBUG_INFORMATION_FORMAT = "dwarf-with-dsym";
				DEVELOPMENT_TEAM = NWR2UZ4V67;
				ENABLE_NS_ASSERTIONS = NO;
				ENABLE_STRICT_OBJC_MSGSEND = YES;
				ENABLE_USER_SCRIPT_SANDBOXING = YES;
				GCC_C_LANGUAGE_STANDARD = gnu17;
				GCC_NO_COMMON_BLOCKS = YES;
				GCC_WARN_64_TO_32_BIT_CONVERSION = YES;
				GCC_WARN_ABOUT_RETURN_TYPE = YES_ERROR;
				GCC_WARN_UNDECLARED_SELECTOR = YES;
				GCC_WARN_UNINITIALIZED_AUTOS = YES_AGGRESSIVE;
				GCC_WARN_UNUSED_FUNCTION = YES;
				GCC_WARN_UNUSED_VARIABLE = YES;
				LOCALIZATION_PREFERS_STRING_CATALOGS = YES;
				MTL_ENABLE_DEBUG_INFO = NO;
				MTL_FAST_MATH = YES;
				SDKROOT = xros;
				SWIFT_COMPILATION_MODE = wholemodule;
				VALIDATE_PRODUCT = YES;
				XROS_DEPLOYMENT_TARGET = 2.4;
			};
			name = Release;
		};
/* End XCBuildConfiguration section */

/* Begin XCConfigurationList section */
		81A3B8AA2DDBF7F400B8588C /* Build configuration list for PBXProject "DicyaninPlayground003" */ = {
			isa = XCConfigurationList;
			buildConfigurations = (
				81A3B8CB2DDBF7F500B8588C /* Debug */,
				81A3B8CC2DDBF7F500B8588C /* Release */,
			);
			defaultConfigurationIsVisible = 0;
			defaultConfigurationName = Release;
		};
		81A3B8C82DDBF7F500B8588C /* Build configuration list for PBXNativeTarget "DicyaninPlayground003" */ = {
			isa = XCConfigurationList;
			buildConfigurations = (
				81A3B8C92DDBF7F500B8588C /* Debug */,
				81A3B8CA2DDBF7F500B8588C /* Release */,
			);
			defaultConfigurationIsVisible = 0;
			defaultConfigurationName = Release;
		};
/* End XCConfigurationList section */

/* Begin XCRemoteSwiftPackageReference section */
		81A3B8CD2DDBF82D00B8588C /* XCRemoteSwiftPackageReference "DicyaninARKitSession" */ = {
			isa = XCRemoteSwiftPackageReference;
			repositoryURL = "https://github.com/hunterh37/DicyaninARKitSession";
			requirement = {
				branch = master;
				kind = branch;
			};
		};
		81A3B8D02DDBF83600B8588C /* XCRemoteSwiftPackageReference "DicyaninThumbController" */ = {
			isa = XCRemoteSwiftPackageReference;
			repositoryURL = "https://github.com/hunterh37/DicyaninThumbController";
			requirement = {
				branch = master;
				kind = branch;
			};
		};
/* End XCRemoteSwiftPackageReference section */

/* Begin XCSwiftPackageProductDependency section */
		81A3B8B42DDBF7F400B8588C /* RealityKitContent */ = {
			isa = XCSwiftPackageProductDependency;
			productName = RealityKitContent;
		};
		81A3B8CE2DDBF82D00B8588C /* DicyaninARKitSession */ = {
			isa = XCSwiftPackageProductDependency;
			package = 81A3B8CD2DDBF82D00B8588C /* XCRemoteSwiftPackageReference "DicyaninARKitSession" */;
			productName = DicyaninARKitSession;
		};
		81A3B8D12DDBF83600B8588C /* DicyaninThumbController */ = {
			isa = XCSwiftPackageProductDependency;
			package = 81A3B8D02DDBF83600B8588C /* XCRemoteSwiftPackageReference "DicyaninThumbController" */;
			productName = DicyaninThumbController;
		};
/* End XCSwiftPackageProductDependency section */
	};
	rootObject = 81A3B8A72DDBF7F400B8588C /* Project object */;
}
